Microsoft Visual Studio Solution File, Format Version 12.00
# Visual Studio 2012
Project("{FAE04EC0-301F-11D3-BF4B-00C04F79EFBC}") = "YiJie", "YiJie.csproj", "{7EB7D8EA-4E7E-421C-B00D-9C6DEBFEDFDE}"
EndProject
Global
	GlobalSection(SolutionConfigurationPlatforms) = preSolution
	Debug|Any CPU = Debug|Any CPU
	ExportDebug|Any CPU = ExportDebug|Any CPU
	ExportRelease|Any CPU = ExportRelease|Any CPU
	EndGlobalSection
	GlobalSection(ProjectConfigurationPlatforms) = postSolution
		{7EB7D8EA-4E7E-421C-B00D-9C6DEBFEDFDE}.Debug|Any CPU.ActiveCfg = Debug|Any CPU
		{7EB7D8EA-4E7E-421C-B00D-9C6DEBFEDFDE}.Debug|Any CPU.Build.0 = Debug|Any CPU
		{7EB7D8EA-4E7E-421C-B00D-9C6DEBFEDFDE}.ExportDebug|Any CPU.ActiveCfg = ExportDebug|Any CPU
		{7EB7D8EA-4E7E-421C-B00D-9C6DEBFEDFDE}.ExportDebug|Any CPU.Build.0 = ExportDebug|Any CPU
		{7EB7D8EA-4E7E-421C-B00D-9C6DEBFEDFDE}.ExportRelease|Any CPU.ActiveCfg = ExportRelease|Any CPU
		{7EB7D8EA-4E7E-421C-B00D-9C6DEBFEDFDE}.ExportRelease|Any CPU.Build.0 = ExportRelease|Any CPU
	EndGlobalSection
EndGlobal
